
Microsoft Visual Studio Solution File, Format Version 12.00
# Visual Studio Version 17
VisualStudioVersion = 17.1.32210.238
MinimumVisualStudioVersion = 10.0.40219.1
Project("{8BC9CEB8-8B4A-11D0-8D11-00A0C91BC942}") = "lab1", "lab1\lab1.vcxproj", "{85756258-9EC5-44A8-A234-5D5A38F7DD2B}"
EndProject
Global
	GlobalSection(SolutionConfigurationPlatforms) = preSolution
		Debug|x64 = Debug|x64
		Debug|x86 = Debug|x86
		Release|x64 = Release|x64
		Release|x86 = Release|x86
	EndGlobalSection
	GlobalSection(ProjectConfigurationPlatforms) = postSolution
		{85756258-9EC5-44A8-A234-5D5A38F7DD2B}.Debug|x64.ActiveCfg = Debug|x64
		{85756258-9EC5-44A8-A234-5D5A38F7DD2B}.Debug|x64.Build.0 = Debug|x64
		{85756258-9EC5-44A8-A234-5D5A38F7DD2B}.Debug|x86.ActiveCfg = Debug|Win32
		{85756258-9EC5-44A8-A234-5D5A38F7DD2B}.Debug|x86.Build.0 = Debug|Win32
		{85756258-9EC5-44A8-A234-5D5A38F7DD2B}.Release|x64.ActiveCfg = Release|x64
		{85756258-9EC5-44A8-A234-5D5A38F7DD2B}.Release|x64.Build.0 = Release|x64
		{85756258-9EC5-44A8-A234-5D5A38F7DD2B}.Release|x86.ActiveCfg = Release|Win32
		{85756258-9EC5-44A8-A234-5D5A38F7DD2B}.Release|x86.Build.0 = Release|Win32
	EndGlobalSection
	GlobalSection(SolutionProperties) = preSolution
		HideSolutionNode = FALSE
	EndGlobalSection
	GlobalSection(ExtensibilityGlobals) = postSolution
		SolutionGuid = {9A07BC82-2FC6-46EB-9713-0B5BC1F7DEF6}
	EndGlobalSection
EndGlobal
